
Microsoft Visual Studio Solution File, Format Version 12.00
# Visual Studio Version 17
VisualStudioVersion = 17.3.32929.385
MinimumVisualStudioVersion = 10.0.40219.1
Project("{FAE04EC0-301F-11D3-BF4B-00C04F79EFBC}") = "AdressLibrary", "AdressLibrary\AdressLibrary.csproj", "{D377BEFD-BBAC-4AE6-B504-9AF7829B5E7F}"
EndProject
Global
	GlobalSection(SolutionConfigurationPlatforms) = preSolution
		Debug|Any CPU = Debug|Any CPU
		Release|Any CPU = Release|Any CPU
	EndGlobalSection
	GlobalSection(ProjectConfigurationPlatforms) = postSolution
		{D377BEFD-BBAC-4AE6-B504-9AF7829B5E7F}.Debug|Any CPU.ActiveCfg = Debug|Any CPU
		{D377BEFD-BBAC-4AE6-B504-9AF7829B5E7F}.Debug|Any CPU.Build.0 = Debug|Any CPU
		{D377BEFD-BBAC-4AE6-B504-9AF7829B5E7F}.Release|Any CPU.ActiveCfg = Release|Any CPU
		{D377BEFD-BBAC-4AE6-B504-9AF7829B5E7F}.Release|Any CPU.Build.0 = Release|Any CPU
	EndGlobalSection
	GlobalSection(SolutionProperties) = preSolution
		HideSolutionNode = FALSE
	EndGlobalSection
	GlobalSection(ExtensibilityGlobals) = postSolution
		SolutionGuid = {06853FBE-A317-44F5-AB35-E52D514DF08D}
	EndGlobalSection
EndGlobal
